
Microsoft Visual Studio Solution File, Format Version 12.00
# Visual Studio Version 16
VisualStudioVersion = 16.0.31829.152
MinimumVisualStudioVersion = 10.0.40219.1
Project("{FAE04EC0-301F-11D3-BF4B-00C04F79EFBC}") = "Задание 14", "Задание 14\Задание 14.csproj", "{045DF698-355E-4390-9AAC-F11D924E76B9}"
EndProject
Global
	GlobalSection(SolutionConfigurationPlatforms) = preSolution
		Debug|Any CPU = Debug|Any CPU
		Release|Any CPU = Release|Any CPU
	EndGlobalSection
	GlobalSection(ProjectConfigurationPlatforms) = postSolution
		{045DF698-355E-4390-9AAC-F11D924E76B9}.Debug|Any CPU.ActiveCfg = Debug|Any CPU
		{045DF698-355E-4390-9AAC-F11D924E76B9}.Debug|Any CPU.Build.0 = Debug|Any CPU
		{045DF698-355E-4390-9AAC-F11D924E76B9}.Release|Any CPU.ActiveCfg = Release|Any CPU
		{045DF698-355E-4390-9AAC-F11D924E76B9}.Release|Any CPU.Build.0 = Release|Any CPU
	EndGlobalSection
	GlobalSection(SolutionProperties) = preSolution
		HideSolutionNode = FALSE
	EndGlobalSection
	GlobalSection(ExtensibilityGlobals) = postSolution
		SolutionGuid = {DD8B6EA7-1DE0-46CA-82FF-63E46C3E4D69}
	EndGlobalSection
EndGlobal
